
Microsoft Visual Studio Solution File, Format Version 12.00
# Visual Studio Version 17
VisualStudioVersion = 17.9.34728.123
MinimumVisualStudioVersion = 10.0.40219.1
Project("{9A19103F-16F7-4668-BE54-9A1E7A4F7556}") = "TextMicroService.API", "TextMicroService\TextMicroService.API.csproj", "{000A2E00-C586-4961-8F0C-2AAF24A018EB}"
EndProject
Project("{9A19103F-16F7-4668-BE54-9A1E7A4F7556}") = "TextMicroService.Core", "TextMicroService.Core\TextMicroService.Core.csproj", "{ADA20DED-5FEC-42D7-A525-38FDF021DBFB}"
EndProject
Project("{9A19103F-16F7-4668-BE54-9A1E7A4F7556}") = "TextMicroService.Application", "TextMicroService.Application\TextMicroService.Application.csproj", "{A2FCD38F-292D-4D77-9033-E2611B93F5D4}"
EndProject
Project("{9A19103F-16F7-4668-BE54-9A1E7A4F7556}") = "TextMicroService.Infrastructure", "TextMicroservice.Infrastructure\TextMicroService.Infrastructure.csproj", "{95BEBC58-AF06-4BE7-A108-7BC4B4D524A5}"
EndProject
Project("{9A19103F-16F7-4668-BE54-9A1E7A4F7556}") = "UserMicroService.Core", "AuthorizrMicroService.Core\UserMicroService.Core.csproj", "{9F37E169-1053-4EC5-B3A1-2FBFFAA270B1}"
EndProject
Project("{9A19103F-16F7-4668-BE54-9A1E7A4F7556}") = "AuthorizeMicroService.Infrastructure", "AuthorizeMicroService.Infrastructure\AuthorizeMicroService.Infrastructure.csproj", "{F0C0CF8C-7A51-4CBC-97CA-A2AD4447CC53}"
EndProject
Project("{9A19103F-16F7-4668-BE54-9A1E7A4F7556}") = "AuthorizeMicroService.API", "AuthorizeMicroService.API\AuthorizeMicroService.API.csproj", "{BC863570-61D7-432B-9E2B-1D6873090653}"
EndProject
Project("{9A19103F-16F7-4668-BE54-9A1E7A4F7556}") = "AuthorizeMicroService.Application", "AuthorizeMicroService.Application\AuthorizeMicroService.Application.csproj", "{1B229678-2B08-43E1-A9F4-4E22FF53AA85}"
EndProject
Project("{9A19103F-16F7-4668-BE54-9A1E7A4F7556}") = "UserMicroService.API", "UserMicroService.API\UserMicroService.API.csproj", "{8CE5BB9D-7E0D-4FE5-9938-C9A48CCADAD0}"
EndProject
Project("{2150E333-8FDC-42A3-9474-1A3956D46DE8}") = "UserMicroService", "UserMicroService", "{00E1E216-CEF9-4E61-8847-71ACD37032D1}"
EndProject
Project("{2150E333-8FDC-42A3-9474-1A3956D46DE8}") = "TextMicroService", "TextMicroService", "{4174E986-DB7B-4274-8F4C-FAA18C69F2C3}"
EndProject
Project("{9A19103F-16F7-4668-BE54-9A1E7A4F7556}") = "UserMicroService.Infrastructure", "UserMicroService.Infrastructure\UserMicroService.Infrastructure.csproj", "{F9BDFFAF-FC96-4157-8650-4509651C5A72}"
EndProject
Project("{9A19103F-16F7-4668-BE54-9A1E7A4F7556}") = "UserMicroService.Application", "UserMicroService.Application\UserMicroService.Application.csproj", "{5CB21CBE-7536-4E5C-BC52-1F8B93FB25DD}"
EndProject
Project("{9A19103F-16F7-4668-BE54-9A1E7A4F7556}") = "AspireApp.AppHost", "AspireApp\AspireApp.AppHost\AspireApp.AppHost.csproj", "{6F31FD8B-56FA-46FE-A96C-BC5A71BB2B5B}"
EndProject
Project("{9A19103F-16F7-4668-BE54-9A1E7A4F7556}") = "AspireApp.ServiceDefaults", "AspireApp\AspireApp.ServiceDefaults\AspireApp.ServiceDefaults.csproj", "{488AFC0B-E6AD-4DAC-86CE-AA322F110BE4}"
EndProject
Project("{2150E333-8FDC-42A3-9474-1A3956D46DE8}") = "AuthorizeMicroService", "AuthorizeMicroService", "{67841D9A-692D-410E-A0A5-41362C70CD53}"
EndProject
Project("{9A19103F-16F7-4668-BE54-9A1E7A4F7556}") = "AuthorizeMicroService.Core", "AuthorizeMicroService.Core\AuthorizeMicroService.Core.csproj", "{01C21AA7-67C3-4B72-996F-410C53ED300B}"
EndProject
Project("{2150E333-8FDC-42A3-9474-1A3956D46DE8}") = "EmailMicroService", "EmailMicroService", "{E9186B4B-4EB8-4C27-ACB2-446974A51C24}"
EndProject
Project("{9A19103F-16F7-4668-BE54-9A1E7A4F7556}") = "EmailMicroService.API", "EmailMicroService.API\EmailMicroService.API.csproj", "{F87F7D2D-11D1-4761-9E1D-717A0C6546EA}"
EndProject
Project("{9A19103F-16F7-4668-BE54-9A1E7A4F7556}") = "EmailMicroService.Core", "EmailMicroService.Core\EmailMicroService.Core.csproj", "{682FBEC0-4995-4E25-9807-A6572C117291}"
EndProject
Project("{9A19103F-16F7-4668-BE54-9A1E7A4F7556}") = "EmailMicroService.Application", "EmailMicroService.Application\EmailMicroService.Application.csproj", "{088AAEB0-F388-4D8D-AD15-F1DAAA577128}"
EndProject
Project("{9A19103F-16F7-4668-BE54-9A1E7A4F7556}") = "EmailMicroService.Infrastructure", "EmailMicroService.Infrastructure\EmailMicroService.Infrastructure.csproj", "{F08B6C57-A8A7-497A-9E90-39B06F04F2F2}"
EndProject
Project("{9A19103F-16F7-4668-BE54-9A1E7A4F7556}") = "APIGetWays", "APIGetWays\APIGetWays.csproj", "{1905693F-8AD8-4720-A71D-ACAAA1AC777C}"
EndProject
Project("{2150E333-8FDC-42A3-9474-1A3956D46DE8}") = "LikeMicroService", "LikeMicroService", "{11D86BEF-5812-4B8C-8F37-6D0DC54B6892}"
EndProject
Project("{9A19103F-16F7-4668-BE54-9A1E7A4F7556}") = "LikeMicroService.API", "LikeMicroService.API\LikeMicroService.API.csproj", "{FB4C585B-7EA5-4104-A7D5-D73477DAC824}"
EndProject
Project("{FAE04EC0-301F-11D3-BF4B-00C04F79EFBC}") = "LikeMicroService.Infrastructure", "LikeMicroService.Infrastructure\LikeMicroService.Infrastructure.csproj", "{C9FB639B-9953-429D-B958-B7D4DB9386EE}"
EndProject
Project("{FAE04EC0-301F-11D3-BF4B-00C04F79EFBC}") = "LikeMicroService.Application", "LikeMicroService.Application\LikeMicroService.Application.csproj", "{CDDD53B3-B820-4FA5-BE30-D98A925F714D}"
EndProject
Project("{FAE04EC0-301F-11D3-BF4B-00C04F79EFBC}") = "LikeMicroService.Core", "LikeMicroService.Core\LikeMicroService.Core.csproj", "{B6FA814E-7945-4396-8A62-C2F0CD785A90}"
EndProject
Global
	GlobalSection(SolutionConfigurationPlatforms) = preSolution
		Debug|Any CPU = Debug|Any CPU
		Release|Any CPU = Release|Any CPU
	EndGlobalSection
	GlobalSection(ProjectConfigurationPlatforms) = postSolution
		{000A2E00-C586-4961-8F0C-2AAF24A018EB}.Debug|Any CPU.ActiveCfg = Debug|Any CPU
		{000A2E00-C586-4961-8F0C-2AAF24A018EB}.Debug|Any CPU.Build.0 = Debug|Any CPU
		{000A2E00-C586-4961-8F0C-2AAF24A018EB}.Release|Any CPU.ActiveCfg = Release|Any CPU
		{000A2E00-C586-4961-8F0C-2AAF24A018EB}.Release|Any CPU.Build.0 = Release|Any CPU
		{ADA20DED-5FEC-42D7-A525-38FDF021DBFB}.Debug|Any CPU.ActiveCfg = Debug|Any CPU
		{ADA20DED-5FEC-42D7-A525-38FDF021DBFB}.Debug|Any CPU.Build.0 = Debug|Any CPU
		{ADA20DED-5FEC-42D7-A525-38FDF021DBFB}.Release|Any CPU.ActiveCfg = Release|Any CPU
		{ADA20DED-5FEC-42D7-A525-38FDF021DBFB}.Release|Any CPU.Build.0 = Release|Any CPU
		{A2FCD38F-292D-4D77-9033-E2611B93F5D4}.Debug|Any CPU.ActiveCfg = Debug|Any CPU
		{A2FCD38F-292D-4D77-9033-E2611B93F5D4}.Debug|Any CPU.Build.0 = Debug|Any CPU
		{A2FCD38F-292D-4D77-9033-E2611B93F5D4}.Release|Any CPU.ActiveCfg = Release|Any CPU
		{A2FCD38F-292D-4D77-9033-E2611B93F5D4}.Release|Any CPU.Build.0 = Release|Any CPU
		{95BEBC58-AF06-4BE7-A108-7BC4B4D524A5}.Debug|Any CPU.ActiveCfg = Debug|Any CPU
		{95BEBC58-AF06-4BE7-A108-7BC4B4D524A5}.Debug|Any CPU.Build.0 = Debug|Any CPU
		{95BEBC58-AF06-4BE7-A108-7BC4B4D524A5}.Release|Any CPU.ActiveCfg = Release|Any CPU
		{95BEBC58-AF06-4BE7-A108-7BC4B4D524A5}.Release|Any CPU.Build.0 = Release|Any CPU
		{9F37E169-1053-4EC5-B3A1-2FBFFAA270B1}.Debug|Any CPU.ActiveCfg = Debug|Any CPU
		{9F37E169-1053-4EC5-B3A1-2FBFFAA270B1}.Debug|Any CPU.Build.0 = Debug|Any CPU
		{9F37E169-1053-4EC5-B3A1-2FBFFAA270B1}.Release|Any CPU.ActiveCfg = Release|Any CPU
		{9F37E169-1053-4EC5-B3A1-2FBFFAA270B1}.Release|Any CPU.Build.0 = Release|Any CPU
		{F0C0CF8C-7A51-4CBC-97CA-A2AD4447CC53}.Debug|Any CPU.ActiveCfg = Debug|Any CPU
		{F0C0CF8C-7A51-4CBC-97CA-A2AD4447CC53}.Debug|Any CPU.Build.0 = Debug|Any CPU
		{F0C0CF8C-7A51-4CBC-97CA-A2AD4447CC53}.Release|Any CPU.ActiveCfg = Release|Any CPU
		{F0C0CF8C-7A51-4CBC-97CA-A2AD4447CC53}.Release|Any CPU.Build.0 = Release|Any CPU
		{BC863570-61D7-432B-9E2B-1D6873090653}.Debug|Any CPU.ActiveCfg = Debug|Any CPU
		{BC863570-61D7-432B-9E2B-1D6873090653}.Debug|Any CPU.Build.0 = Debug|Any CPU
		{BC863570-61D7-432B-9E2B-1D6873090653}.Release|Any CPU.ActiveCfg = Release|Any CPU
		{BC863570-61D7-432B-9E2B-1D6873090653}.Release|Any CPU.Build.0 = Release|Any CPU
		{1B229678-2B08-43E1-A9F4-4E22FF53AA85}.Debug|Any CPU.ActiveCfg = Debug|Any CPU
		{1B229678-2B08-43E1-A9F4-4E22FF53AA85}.Debug|Any CPU.Build.0 = Debug|Any CPU
		{1B229678-2B08-43E1-A9F4-4E22FF53AA85}.Release|Any CPU.ActiveCfg = Release|Any CPU
		{1B229678-2B08-43E1-A9F4-4E22FF53AA85}.Release|Any CPU.Build.0 = Release|Any CPU
		{8CE5BB9D-7E0D-4FE5-9938-C9A48CCADAD0}.Debug|Any CPU.ActiveCfg = Debug|Any CPU
		{8CE5BB9D-7E0D-4FE5-9938-C9A48CCADAD0}.Debug|Any CPU.Build.0 = Debug|Any CPU
		{8CE5BB9D-7E0D-4FE5-9938-C9A48CCADAD0}.Release|Any CPU.ActiveCfg = Release|Any CPU
		{8CE5BB9D-7E0D-4FE5-9938-C9A48CCADAD0}.Release|Any CPU.Build.0 = Release|Any CPU
		{F9BDFFAF-FC96-4157-8650-4509651C5A72}.Debug|Any CPU.ActiveCfg = Debug|Any CPU
		{F9BDFFAF-FC96-4157-8650-4509651C5A72}.Debug|Any CPU.Build.0 = Debug|Any CPU
		{F9BDFFAF-FC96-4157-8650-4509651C5A72}.Release|Any CPU.ActiveCfg = Release|Any CPU
		{F9BDFFAF-FC96-4157-8650-4509651C5A72}.Release|Any CPU.Build.0 = Release|Any CPU
		{5CB21CBE-7536-4E5C-BC52-1F8B93FB25DD}.Debug|Any CPU.ActiveCfg = Debug|Any CPU
		{5CB21CBE-7536-4E5C-BC52-1F8B93FB25DD}.Debug|Any CPU.Build.0 = Debug|Any CPU
		{5CB21CBE-7536-4E5C-BC52-1F8B93FB25DD}.Release|Any CPU.ActiveCfg = Release|Any CPU
		{5CB21CBE-7536-4E5C-BC52-1F8B93FB25DD}.Release|Any CPU.Build.0 = Release|Any CPU
		{6F31FD8B-56FA-46FE-A96C-BC5A71BB2B5B}.Debug|Any CPU.ActiveCfg = Debug|Any CPU
		{6F31FD8B-56FA-46FE-A96C-BC5A71BB2B5B}.Debug|Any CPU.Build.0 = Debug|Any CPU
		{6F31FD8B-56FA-46FE-A96C-BC5A71BB2B5B}.Release|Any CPU.ActiveCfg = Release|Any CPU
		{6F31FD8B-56FA-46FE-A96C-BC5A71BB2B5B}.Release|Any CPU.Build.0 = Release|Any CPU
		{488AFC0B-E6AD-4DAC-86CE-AA322F110BE4}.Debug|Any CPU.ActiveCfg = Debug|Any CPU
		{488AFC0B-E6AD-4DAC-86CE-AA322F110BE4}.Debug|Any CPU.Build.0 = Debug|Any CPU
		{488AFC0B-E6AD-4DAC-86CE-AA322F110BE4}.Release|Any CPU.ActiveCfg = Release|Any CPU
		{488AFC0B-E6AD-4DAC-86CE-AA322F110BE4}.Release|Any CPU.Build.0 = Release|Any CPU
		{01C21AA7-67C3-4B72-996F-410C53ED300B}.Debug|Any CPU.ActiveCfg = Debug|Any CPU
		{01C21AA7-67C3-4B72-996F-410C53ED300B}.Debug|Any CPU.Build.0 = Debug|Any CPU
		{01C21AA7-67C3-4B72-996F-410C53ED300B}.Release|Any CPU.ActiveCfg = Release|Any CPU
		{01C21AA7-67C3-4B72-996F-410C53ED300B}.Release|Any CPU.Build.0 = Release|Any CPU
		{F87F7D2D-11D1-4761-9E1D-717A0C6546EA}.Debug|Any CPU.ActiveCfg = Debug|Any CPU
		{F87F7D2D-11D1-4761-9E1D-717A0C6546EA}.Debug|Any CPU.Build.0 = Debug|Any CPU
		{F87F7D2D-11D1-4761-9E1D-717A0C6546EA}.Release|Any CPU.ActiveCfg = Release|Any CPU
		{F87F7D2D-11D1-4761-9E1D-717A0C6546EA}.Release|Any CPU.Build.0 = Release|Any CPU
		{682FBEC0-4995-4E25-9807-A6572C117291}.Debug|Any CPU.ActiveCfg = Debug|Any CPU
		{682FBEC0-4995-4E25-9807-A6572C117291}.Debug|Any CPU.Build.0 = Debug|Any CPU
		{682FBEC0-4995-4E25-9807-A6572C117291}.Release|Any CPU.ActiveCfg = Release|Any CPU
		{682FBEC0-4995-4E25-9807-A6572C117291}.Release|Any CPU.Build.0 = Release|Any CPU
		{088AAEB0-F388-4D8D-AD15-F1DAAA577128}.Debug|Any CPU.ActiveCfg = Debug|Any CPU
		{088AAEB0-F388-4D8D-AD15-F1DAAA577128}.Debug|Any CPU.Build.0 = Debug|Any CPU
		{088AAEB0-F388-4D8D-AD15-F1DAAA577128}.Release|Any CPU.ActiveCfg = Release|Any CPU
		{088AAEB0-F388-4D8D-AD15-F1DAAA577128}.Release|Any CPU.Build.0 = Release|Any CPU
		{F08B6C57-A8A7-497A-9E90-39B06F04F2F2}.Debug|Any CPU.ActiveCfg = Debug|Any CPU
		{F08B6C57-A8A7-497A-9E90-39B06F04F2F2}.Debug|Any CPU.Build.0 = Debug|Any CPU
		{F08B6C57-A8A7-497A-9E90-39B06F04F2F2}.Release|Any CPU.ActiveCfg = Release|Any CPU
		{F08B6C57-A8A7-497A-9E90-39B06F04F2F2}.Release|Any CPU.Build.0 = Release|Any CPU
		{1905693F-8AD8-4720-A71D-ACAAA1AC777C}.Debug|Any CPU.ActiveCfg = Debug|Any CPU
		{1905693F-8AD8-4720-A71D-ACAAA1AC777C}.Debug|Any CPU.Build.0 = Debug|Any CPU
		{1905693F-8AD8-4720-A71D-ACAAA1AC777C}.Release|Any CPU.ActiveCfg = Release|Any CPU
		{1905693F-8AD8-4720-A71D-ACAAA1AC777C}.Release|Any CPU.Build.0 = Release|Any CPU
		{FB4C585B-7EA5-4104-A7D5-D73477DAC824}.Debug|Any CPU.ActiveCfg = Debug|Any CPU
		{FB4C585B-7EA5-4104-A7D5-D73477DAC824}.Debug|Any CPU.Build.0 = Debug|Any CPU
		{FB4C585B-7EA5-4104-A7D5-D73477DAC824}.Release|Any CPU.ActiveCfg = Release|Any CPU
		{FB4C585B-7EA5-4104-A7D5-D73477DAC824}.Release|Any CPU.Build.0 = Release|Any CPU
		{C9FB639B-9953-429D-B958-B7D4DB9386EE}.Debug|Any CPU.ActiveCfg = Debug|Any CPU
		{C9FB639B-9953-429D-B958-B7D4DB9386EE}.Debug|Any CPU.Build.0 = Debug|Any CPU
		{C9FB639B-9953-429D-B958-B7D4DB9386EE}.Release|Any CPU.ActiveCfg = Release|Any CPU
		{C9FB639B-9953-429D-B958-B7D4DB9386EE}.Release|Any CPU.Build.0 = Release|Any CPU
		{CDDD53B3-B820-4FA5-BE30-D98A925F714D}.Debug|Any CPU.ActiveCfg = Debug|Any CPU
		{CDDD53B3-B820-4FA5-BE30-D98A925F714D}.Debug|Any CPU.Build.0 = Debug|Any CPU
		{CDDD53B3-B820-4FA5-BE30-D98A925F714D}.Release|Any CPU.ActiveCfg = Release|Any CPU
		{CDDD53B3-B820-4FA5-BE30-D98A925F714D}.Release|Any CPU.Build.0 = Release|Any CPU
		{B6FA814E-7945-4396-8A62-C2F0CD785A90}.Debug|Any CPU.ActiveCfg = Debug|Any CPU
		{B6FA814E-7945-4396-8A62-C2F0CD785A90}.Debug|Any CPU.Build.0 = Debug|Any CPU
		{B6FA814E-7945-4396-8A62-C2F0CD785A90}.Release|Any CPU.ActiveCfg = Release|Any CPU
		{B6FA814E-7945-4396-8A62-C2F0CD785A90}.Release|Any CPU.Build.0 = Release|Any CPU
	EndGlobalSection
	GlobalSection(SolutionProperties) = preSolution
		HideSolutionNode = FALSE
	EndGlobalSection
	GlobalSection(NestedProjects) = preSolution
		{000A2E00-C586-4961-8F0C-2AAF24A018EB} = {4174E986-DB7B-4274-8F4C-FAA18C69F2C3}
		{ADA20DED-5FEC-42D7-A525-38FDF021DBFB} = {4174E986-DB7B-4274-8F4C-FAA18C69F2C3}
		{A2FCD38F-292D-4D77-9033-E2611B93F5D4} = {4174E986-DB7B-4274-8F4C-FAA18C69F2C3}
		{95BEBC58-AF06-4BE7-A108-7BC4B4D524A5} = {4174E986-DB7B-4274-8F4C-FAA18C69F2C3}
		{9F37E169-1053-4EC5-B3A1-2FBFFAA270B1} = {00E1E216-CEF9-4E61-8847-71ACD37032D1}
		{F0C0CF8C-7A51-4CBC-97CA-A2AD4447CC53} = {67841D9A-692D-410E-A0A5-41362C70CD53}
		{BC863570-61D7-432B-9E2B-1D6873090653} = {67841D9A-692D-410E-A0A5-41362C70CD53}
		{1B229678-2B08-43E1-A9F4-4E22FF53AA85} = {67841D9A-692D-410E-A0A5-41362C70CD53}
		{8CE5BB9D-7E0D-4FE5-9938-C9A48CCADAD0} = {00E1E216-CEF9-4E61-8847-71ACD37032D1}
		{F9BDFFAF-FC96-4157-8650-4509651C5A72} = {00E1E216-CEF9-4E61-8847-71ACD37032D1}
		{5CB21CBE-7536-4E5C-BC52-1F8B93FB25DD} = {00E1E216-CEF9-4E61-8847-71ACD37032D1}
		{01C21AA7-67C3-4B72-996F-410C53ED300B} = {67841D9A-692D-410E-A0A5-41362C70CD53}
		{F87F7D2D-11D1-4761-9E1D-717A0C6546EA} = {E9186B4B-4EB8-4C27-ACB2-446974A51C24}
		{682FBEC0-4995-4E25-9807-A6572C117291} = {E9186B4B-4EB8-4C27-ACB2-446974A51C24}
		{088AAEB0-F388-4D8D-AD15-F1DAAA577128} = {E9186B4B-4EB8-4C27-ACB2-446974A51C24}
		{F08B6C57-A8A7-497A-9E90-39B06F04F2F2} = {E9186B4B-4EB8-4C27-ACB2-446974A51C24}
		{FB4C585B-7EA5-4104-A7D5-D73477DAC824} = {11D86BEF-5812-4B8C-8F37-6D0DC54B6892}
		{C9FB639B-9953-429D-B958-B7D4DB9386EE} = {11D86BEF-5812-4B8C-8F37-6D0DC54B6892}
		{CDDD53B3-B820-4FA5-BE30-D98A925F714D} = {11D86BEF-5812-4B8C-8F37-6D0DC54B6892}
		{B6FA814E-7945-4396-8A62-C2F0CD785A90} = {11D86BEF-5812-4B8C-8F37-6D0DC54B6892}
	EndGlobalSection
	GlobalSection(ExtensibilityGlobals) = postSolution
		SolutionGuid = {28C61C66-0400-4FF5-B407-7EEEA78D19FB}
	EndGlobalSection
EndGlobal
